
Microsoft Visual Studio Solution File, Format Version 12.00
# Visual Studio 2012
Project("{8BC9CEB8-8B4A-11D0-8D11-00A0C91BC942}") = "Project1", "Project1\Project1.vcxproj", "{909CF629-42FC-4391-B068-9C1B8142E45F}"
EndProject
Global
	GlobalSection(SolutionConfigurationPlatforms) = preSolution
		Debug|Win32 = Debug|Win32
		Release|Win32 = Release|Win32
	EndGlobalSection
	GlobalSection(ProjectConfigurationPlatforms) = postSolution
		{909CF629-42FC-4391-B068-9C1B8142E45F}.Debug|Win32.ActiveCfg = Debug|Win32
		{909CF629-42FC-4391-B068-9C1B8142E45F}.Debug|Win32.Build.0 = Debug|Win32
		{909CF629-42FC-4391-B068-9C1B8142E45F}.Release|Win32.ActiveCfg = Release|Win32
		{909CF629-42FC-4391-B068-9C1B8142E45F}.Release|Win32.Build.0 = Release|Win32
	EndGlobalSection
	GlobalSection(SolutionProperties) = preSolution
		HideSolutionNode = FALSE
	EndGlobalSection
EndGlobal
